// !$*UTF8*$!
{
	archiveVersion = 1;
	classes = {
	};
	objectVersion = 46;
	objects = {

/* Begin PBXBuildFile section */
		E36093501D32ED0F00914FD2 /* NeedleView.swift in Sources */ = {isa = PBXBuildFile; fileRef = E360934F1D32ED0F00914FD2 /* NeedleView.swift */; };
		E370D4A91D317DBD005A00C0 /* AppDelegate.swift in Sources */ = {isa = PBXBuildFile; fileRef = E370D4A81D317DBD005A00C0 /* AppDelegate.swift */; };
		E370D4AB1D317DBD005A00C0 /* ViewController.swift in Sources */ = {isa = PBXBuildFile; fileRef = E370D4AA1D317DBD005A00C0 /* ViewController.swift */; };
		E370D4AE1D317DBD005A00C0 /* Main.storyboard in Resources */ = {isa = PBXBuildFile; fileRef = E370D4AC1D317DBD005A00C0 /* Main.storyboard */; };
		E370D4B01D317DBD005A00C0 /* Assets.xcassets in Resources */ = {isa = PBXBuildFile; fileRef = E370D4AF1D317DBD005A00C0 /* Assets.xcassets */; };
		E370D4B31D317DBD005A00C0 /* LaunchScreen.storyboard in Resources */ = {isa = PBXBuildFile; fileRef = E370D4B11D317DBD005A00C0 /* LaunchScreen.storyboard */; };
		E370D4BB1D317E07005A00C0 /* StopwatchView.swift in Sources */ = {isa = PBXBuildFile; fileRef = E370D4BA1D317E07005A00C0 /* StopwatchView.swift */; };
		E38507A91D54E6FF0081B46D /* TimingViewController.swift in Sources */ = {isa = PBXBuildFile; fileRef = E38507A81D54E6FF0081B46D /* TimingViewController.swift */; };
/* End PBXBuildFile section */

/* Begin PBXFileReference section */
		E355EFE11D4401B000B6EED7 /* Gauge.playground */ = {isa = PBXFileReference; lastKnownFileType = file.playground; path = Gauge.playground; sourceTree = "<group>"; };
		E360934E1D32E86300914FD2 /* Needle.playground */ = {isa = PBXFileReference; lastKnownFileType = file.playground; path = Needle.playground; sourceTree = "<group>"; };
		E360934F1D32ED0F00914FD2 /* NeedleView.swift */ = {isa = PBXFileReference; fileEncoding = 4; lastKnownFileType = sourcecode.swift; path = NeedleView.swift; sourceTree = "<group>"; };
		E370D4A51D317DBD005A00C0 /* Stopwatch.app */ = {isa = PBXFileReference; explicitFileType = wrapper.application; includeInIndex = 0; path = Stopwatch.app; sourceTree = BUILT_PRODUCTS_DIR; };
		E370D4A81D317DBD005A00C0 /* AppDelegate.swift */ = {isa = PBXFileReference; lastKnownFileType = sourcecode.swift; path = AppDelegate.swift; sourceTree = "<group>"; };
		E370D4AA1D317DBD005A00C0 /* ViewController.swift */ = {isa = PBXFileReference; lastKnownFileType = sourcecode.swift; path = ViewController.swift; sourceTree = "<group>"; };
		E370D4AD1D317DBD005A00C0 /* Base */ = {isa = PBXFileReference; lastKnownFileType = file.storyboard; name = Base; path = Base.lproj/Main.storyboard; sourceTree = "<group>"; };
		E370D4AF1D317DBD005A00C0 /* Assets.xcassets */ = {isa = PBXFileReference; lastKnownFileType = folder.assetcatalog; path = Assets.xcassets; sourceTree = "<group>"; };
		E370D4B21D317DBD005A00C0 /* Base */ = {isa = PBXFileReference; lastKnownFileType = file.storyboard; name = Base; path = Base.lproj/LaunchScreen.storyboard; sourceTree = "<group>"; };
		E370D4B41D317DBD005A00C0 /* Info.plist */ = {isa = PBXFileReference; lastKnownFileType = text.plist.xml; path = Info.plist; sourceTree = "<group>"; };
		E370D4BA1D317E07005A00C0 /* StopwatchView.swift */ = {isa = PBXFileReference; fileEncoding = 4; lastKnownFileType = sourcecode.swift; path = StopwatchView.swift; sourceTree = "<group>"; };
		E370D4BC1D317E24005A00C0 /* MyPlayground.playground */ = {isa = PBXFileReference; lastKnownFileType = file.playground; path = MyPlayground.playground; sourceTree = "<group>"; };
		E38507A81D54E6FF0081B46D /* TimingViewController.swift */ = {isa = PBXFileReference; fileEncoding = 4; lastKnownFileType = sourcecode.swift; path = TimingViewController.swift; sourceTree = "<group>"; };
/* End PBXFileReference section */

/* Begin PBXFrameworksBuildPhase section */
		E370D4A21D317DBD005A00C0 /* Frameworks */ = {
			isa = PBXFrameworksBuildPhase;
			buildActionMask = 2147483647;
			files = (
			);
			runOnlyForDeploymentPostprocessing = 0;
		};
/* End PBXFrameworksBuildPhase section */

/* Begin PBXGroup section */
		E370D49C1D317DBD005A00C0 = {
			isa = PBXGroup;
			children = (
				E370D4A71D317DBD005A00C0 /* Stopwatch */,
				E370D4A61D317DBD005A00C0 /* Products */,
			);
			sourceTree = "<group>";
		};
		E370D4A61D317DBD005A00C0 /* Products */ = {
			isa = PBXGroup;
			children = (
				E370D4A51D317DBD005A00C0 /* Stopwatch.app */,
			);
			name = Products;
			sourceTree = "<group>";
		};
		E370D4A71D317DBD005A00C0 /* Stopwatch */ = {
			isa = PBXGroup;
			children = (
				E370D4A81D317DBD005A00C0 /* AppDelegate.swift */,
				E370D4AA1D317DBD005A00C0 /* ViewController.swift */,
				E370D4BA1D317E07005A00C0 /* StopwatchView.swift */,
				E360934F1D32ED0F00914FD2 /* NeedleView.swift */,
				E38507A81D54E6FF0081B46D /* TimingViewController.swift */,
				E370D4BC1D317E24005A00C0 /* MyPlayground.playground */,
				E370D4AC1D317DBD005A00C0 /* Main.storyboard */,
				E370D4AF1D317DBD005A00C0 /* Assets.xcassets */,
				E370D4B11D317DBD005A00C0 /* LaunchScreen.storyboard */,
				E370D4B41D317DBD005A00C0 /* Info.plist */,
				E360934E1D32E86300914FD2 /* Needle.playground */,
				E355EFE11D4401B000B6EED7 /* Gauge.playground */,
			);
			path = Stopwatch;
			sourceTree = "<group>";
		};
/* End PBXGroup section */

/* Begin PBXNativeTarget section */
		E370D4A41D317DBD005A00C0 /* Stopwatch */ = {
			isa = PBXNativeTarget;
			buildConfigurationList = E370D4B71D317DBD005A00C0 /* Build configuration list for PBXNativeTarget "Stopwatch" */;
			buildPhases = (
				E370D4A11D317DBD005A00C0 /* Sources */,
				E370D4A21D317DBD005A00C0 /* Frameworks */,
				E370D4A31D317DBD005A00C0 /* Resources */,
			);
			buildRules = (
			);
			dependencies = (
			);
			name = Stopwatch;
			productName = Stopwatch;
			productReference = E370D4A51D317DBD005A00C0 /* Stopwatch.app */;
			productType = "com.apple.product-type.application";
		};
/* End PBXNativeTarget section */

/* Begin PBXProject section */
		E370D49D1D317DBD005A00C0 /* Project object */ = {
			isa = PBXProject;
			attributes = {
				LastSwiftUpdateCheck = 0730;
				LastUpgradeCheck = 0800;
				ORGANIZATIONNAME = "Luke Tomlinson";
				TargetAttributes = {
					E370D4A41D317DBD005A00C0 = {
						CreatedOnToolsVersion = 7.3.1;
						DevelopmentTeam = NXW75H6BKJ;
						DevelopmentTeamName = "Luke Tomlinson (Personal Team)";
						LastSwiftMigration = 0800;
					};
				};
			};
			buildConfigurationList = E370D4A01D317DBD005A00C0 /* Build configuration list for PBXProject "Stopwatch" */;
			compatibilityVersion = "Xcode 3.2";
			developmentRegion = English;
			hasScannedForEncodings = 0;
			knownRegions = (
				en,
				Base,
			);
			mainGroup = E370D49C1D317DBD005A00C0;
			productRefGroup = E370D4A61D317DBD005A00C0 /* Products */;
			projectDirPath = "";
			projectRoot = "";
			targets = (
				E370D4A41D317DBD005A00C0 /* Stopwatch */,
			);
		};
/* End PBXProject section */

/* Begin PBXResourcesBuildPhase section */
		E370D4A31D317DBD005A00C0 /* Resources */ = {
			isa = PBXResourcesBuildPhase;
			buildActionMask = 2147483647;
			files = (
				E370D4B31D317DBD005A00C0 /* LaunchScreen.storyboard in Resources */,
				E370D4B01D317DBD005A00C0 /* Assets.xcassets in Resources */,
				E370D4AE1D317DBD005A00C0 /* Main.storyboard in Resources */,
			);
			runOnlyForDeploymentPostprocessing = 0;
		};
/* End PBXResourcesBuildPhase section */

/* Begin PBXSourcesBuildPhase section */
		E370D4A11D317DBD005A00C0 /* Sources */ = {
			isa = PBXSourcesBuildPhase;
			buildActionMask = 2147483647;
			files = (
				E370D4AB1D317DBD005A00C0 /* ViewController.swift in Sources */,
				E38507A91D54E6FF0081B46D /* TimingViewController.swift in Sources */,
				E370D4A91D317DBD005A00C0 /* AppDelegate.swift in Sources */,
				E370D4BB1D317E07005A00C0 /* StopwatchView.swift in Sources */,
				E36093501D32ED0F00914FD2 /* NeedleView.swift in Sources */,
			);
			runOnlyForDeploymentPostprocessing = 0;
		};
/* End PBXSourcesBuildPhase section */

/* Begin PBXVariantGroup section */
		E370D4AC1D317DBD005A00C0 /* Main.storyboard */ = {
			isa = PBXVariantGroup;
			children = (
				E370D4AD1D317DBD005A00C0 /* Base */,
			);
			name = Main.storyboard;
			sourceTree = "<group>";
		};
		E370D4B11D317DBD005A00C0 /* LaunchScreen.storyboard */ = {
			isa = PBXVariantGroup;
			children = (
				E370D4B21D317DBD005A00C0 /* Base */,
			);
			name = LaunchScreen.storyboard;
			sourceTree = "<group>";
		};
/* End PBXVariantGroup section */

/* Begin XCBuildConfiguration section */
		E370D4B51D317DBD005A00C0 /* Debug */ = {
			isa = XCBuildConfiguration;
			buildSettings = {
				ALWAYS_SEARCH_USER_PATHS = NO;
				CLANG_ANALYZER_NONNULL = YES;
				CLANG_CXX_LANGUAGE_STANDARD = "gnu++0x";
				CLANG_CXX_LIBRARY = "libc++";
				CLANG_ENABLE_MODULES = YES;
				CLANG_ENABLE_OBJC_ARC = YES;
				CLANG_WARN_BOOL_CONVERSION = YES;
				CLANG_WARN_CONSTANT_CONVERSION = YES;
				CLANG_WARN_DIRECT_OBJC_ISA_USAGE = YES_ERROR;
				CLANG_WARN_EMPTY_BODY = YES;
				CLANG_WARN_ENUM_CONVERSION = YES;
				CLANG_WARN_INT_CONVERSION = YES;
				CLANG_WARN_OBJC_ROOT_CLASS = YES_ERROR;
				CLANG_WARN_UNREACHABLE_CODE = YES;
				CLANG_WARN__DUPLICATE_METHOD_MATCH = YES;
				"CODE_SIGN_IDENTITY[sdk=iphoneos*]" = "iPhone Developer";
				COPY_PHASE_STRIP = NO;
				DEBUG_INFORMATION_FORMAT = dwarf;
				ENABLE_STRICT_OBJC_MSGSEND = YES;
				ENABLE_TESTABILITY = YES;
				GCC_C_LANGUAGE_STANDARD = gnu99;
				GCC_DYNAMIC_NO_PIC = NO;
				GCC_NO_COMMON_BLOCKS = YES;
				GCC_OPTIMIZATION_LEVEL = 0;
				GCC_PREPROCESSOR_DEFINITIONS = (
					"DEBUG=1",
					"$(inherited)",
				);
				GCC_WARN_64_TO_32_BIT_CONVERSION = YES;
				GCC_WARN_ABOUT_RETURN_TYPE = YES_ERROR;
				GCC_WARN_UNDECLARED_SELECTOR = YES;
				GCC_WARN_UNINITIALIZED_AUTOS = YES_AGGRESSIVE;
				GCC_WARN_UNUSED_FUNCTION = YES;
				GCC_WARN_UNUSED_VARIABLE = YES;
				IPHONEOS_DEPLOYMENT_TARGET = 10.0;
				MTL_ENABLE_DEBUG_INFO = YES;
				ONLY_ACTIVE_ARCH = YES;
				SDKROOT = iphoneos;
				SWIFT_OPTIMIZATION_LEVEL = "-Onone";
			};
			name = Debug;
		};
		E370D4B61D317DBD005A00C0 /* Release */ = {
			isa = XCBuildConfiguration;
			buildSettings = {
				ALWAYS_SEARCH_USER_PATHS = NO;
				CLANG_ANALYZER_NONNULL = YES;
				CLANG_CXX_LANGUAGE_STANDARD = "gnu++0x";
				CLANG_CXX_LIBRARY = "libc++";
				CLANG_ENABLE_MODULES = YES;
				CLANG_ENABLE_OBJC_ARC = YES;
				CLANG_WARN_BOOL_CONVERSION = YES;
				CLANG_WARN_CONSTANT_CONVERSION = YES;
				CLANG_WARN_DIRECT_OBJC_ISA_USAGE = YES_ERROR;
				CLANG_WARN_EMPTY_BODY = YES;
				CLANG_WARN_ENUM_CONVERSION = YES;
				CLANG_WARN_INT_CONVERSION = YES;
				CLANG_WARN_OBJC_ROOT_CLASS = YES_ERROR;
				CLANG_WARN_UNREACHABLE_CODE = YES;
				CLANG_WARN__DUPLICATE_METHOD_MATCH = YES;
				"CODE_SIGN_IDENTITY[sdk=iphoneos*]" = "iPhone Developer";
				COPY_PHASE_STRIP = NO;
				DEBUG_INFORMATION_FORMAT = "dwarf-with-dsym";
				ENABLE_NS_ASSERTIONS = NO;
				ENABLE_STRICT_OBJC_MSGSEND = YES;
				GCC_C_LANGUAGE_STANDARD = gnu99;
				GCC_NO_COMMON_BLOCKS = YES;
				GCC_WARN_64_TO_32_BIT_CONVERSION = YES;
				GCC_WARN_ABOUT_RETURN_TYPE = YES_ERROR;
				GCC_WARN_UNDECLARED_SELECTOR = YES;
				GCC_WARN_UNINITIALIZED_AUTOS = YES_AGGRESSIVE;
				GCC_WARN_UNUSED_FUNCTION = YES;
				GCC_WARN_UNUSED_VARIABLE = YES;
				IPHONEOS_DEPLOYMENT_TARGET = 10.0;
				MTL_ENABLE_DEBUG_INFO = NO;
				SDKROOT = iphoneos;
				VALIDATE_PRODUCT = YES;
			};
			name = Release;
		};
		E370D4B81D317DBD005A00C0 /* Debug */ = {
			isa = XCBuildConfiguration;
			buildSettings = {
				ASSETCATALOG_COMPILER_APPICON_NAME = AppIcon;
				INFOPLIST_FILE = Stopwatch/Info.plist;
				LD_RUNPATH_SEARCH_PATHS = "$(inherited) @executable_path/Frameworks";
				PRODUCT_BUNDLE_IDENTIFIER = me.Stopwatch;
				PRODUCT_NAME = "$(TARGET_NAME)";
				SWIFT_VERSION = 3.0;
			};
			name = Debug;
		};
		E370D4B91D317DBD005A00C0 /* Release */ = {
			isa = XCBuildConfiguration;
			buildSettings = {
				ASSETCATALOG_COMPILER_APPICON_NAME = AppIcon;
				INFOPLIST_FILE = Stopwatch/Info.plist;
				LD_RUNPATH_SEARCH_PATHS = "$(inherited) @executable_path/Frameworks";
				PRODUCT_BUNDLE_IDENTIFIER = me.Stopwatch;
				PRODUCT_NAME = "$(TARGET_NAME)";
				SWIFT_OPTIMIZATION_LEVEL = "-Owholemodule";
				SWIFT_VERSION = 3.0;
			};
			name = Release;
		};
/* End XCBuildConfiguration section */

/* Begin XCConfigurationList section */
		E370D4A01D317DBD005A00C0 /* Build configuration list for PBXProject "Stopwatch" */ = {
			isa = XCConfigurationList;
			buildConfigurations = (
				E370D4B51D317DBD005A00C0 /* Debug */,
				E370D4B61D317DBD005A00C0 /* Release */,
			);
			defaultConfigurationIsVisible = 0;
			defaultConfigurationName = Release;
		};
		E370D4B71D317DBD005A00C0 /* Build configuration list for PBXNativeTarget "Stopwatch" */ = {
			isa = XCConfigurationList;
			buildConfigurations = (
				E370D4B81D317DBD005A00C0 /* Debug */,
				E370D4B91D317DBD005A00C0 /* Release */,
			);
			defaultConfigurationIsVisible = 0;
			defaultConfigurationName = Release;
		};
/* End XCConfigurationList section */
	};
	rootObject = E370D49D1D317DBD005A00C0 /* Project object */;
}
